// !$*UTF8*$!
{
	archiveVersion = 1;
	classes = {
	};
	objectVersion = 56;
	objects = {

/* Begin PBXBuildFile section */
		260C537A29D9575E00FB08C3 /* GameView.swift in Sources */ = {isa = PBXBuildFile; fileRef = 260C537929D9575E00FB08C3 /* GameView.swift */; };
		260C537C29D9BF1B00FB08C3 /* AppState_FlowTests.swift in Sources */ = {isa = PBXBuildFile; fileRef = 260C537B29D9BF1B00FB08C3 /* AppState_FlowTests.swift */; };
		261D66C029D9CCCE0018E8F4 /* CardStack.swift in Sources */ = {isa = PBXBuildFile; fileRef = 261D66BF29D9CCCE0018E8F4 /* CardStack.swift */; };
		261D66C229D9CCF00018E8F4 /* CardLocation.swift in Sources */ = {isa = PBXBuildFile; fileRef = 261D66C129D9CCF00018E8F4 /* CardLocation.swift */; };
		261D66C529D9CD980018E8F4 /* Player.swift in Sources */ = {isa = PBXBuildFile; fileRef = 261D66C429D9CD980018E8F4 /* Player.swift */; };
		261D66C629D9CDD80018E8F4 /* CardStack.swift in Sources */ = {isa = PBXBuildFile; fileRef = 261D66BF29D9CCCE0018E8F4 /* CardStack.swift */; };
		261D66C729D9CDD80018E8F4 /* CardLocation.swift in Sources */ = {isa = PBXBuildFile; fileRef = 261D66C129D9CCF00018E8F4 /* CardLocation.swift */; };
		261D66C829D9CDD80018E8F4 /* Player.swift in Sources */ = {isa = PBXBuildFile; fileRef = 261D66C429D9CD980018E8F4 /* Player.swift */; };
		261D66CC29D9D0A50018E8F4 /* CardBuilder.swift in Sources */ = {isa = PBXBuildFile; fileRef = 261D66CB29D9D0A50018E8F4 /* CardBuilder.swift */; };
		261D66CF29D9D0E30018E8F4 /* AttributeBuilder.swift in Sources */ = {isa = PBXBuildFile; fileRef = 261D66CD29D9D0E30018E8F4 /* AttributeBuilder.swift */; };
		261D66D029D9D0E30018E8F4 /* Attribute.swift in Sources */ = {isa = PBXBuildFile; fileRef = 261D66CE29D9D0E30018E8F4 /* Attribute.swift */; };
		261D66D129D9D17A0018E8F4 /* Attribute.swift in Sources */ = {isa = PBXBuildFile; fileRef = 261D66CE29D9D0E30018E8F4 /* Attribute.swift */; };
		261D66D229D9D17A0018E8F4 /* AttributeBuilder.swift in Sources */ = {isa = PBXBuildFile; fileRef = 261D66CD29D9D0E30018E8F4 /* AttributeBuilder.swift */; };
		261D66D329D9D17A0018E8F4 /* CardBuilder.swift in Sources */ = {isa = PBXBuildFile; fileRef = 261D66CB29D9D0A50018E8F4 /* CardBuilder.swift */; };
		261D66D829D9D1A40018E8F4 /* Abilities.swift in Sources */ = {isa = PBXBuildFile; fileRef = 261D66D529D9D1A40018E8F4 /* Abilities.swift */; };
		261D66D929D9D1A40018E8F4 /* InPlay.swift in Sources */ = {isa = PBXBuildFile; fileRef = 261D66D629D9D1A40018E8F4 /* InPlay.swift */; };
		261D66DA29D9D1A40018E8F4 /* Hand.swift in Sources */ = {isa = PBXBuildFile; fileRef = 261D66D729D9D1A40018E8F4 /* Hand.swift */; };
		261D66DB29D9D1E90018E8F4 /* Hand.swift in Sources */ = {isa = PBXBuildFile; fileRef = 261D66D729D9D1A40018E8F4 /* Hand.swift */; };
		261D66DC29D9D1E90018E8F4 /* InPlay.swift in Sources */ = {isa = PBXBuildFile; fileRef = 261D66D629D9D1A40018E8F4 /* InPlay.swift */; };
		261D66DD29D9D1E90018E8F4 /* Abilities.swift in Sources */ = {isa = PBXBuildFile; fileRef = 261D66D529D9D1A40018E8F4 /* Abilities.swift */; };
		261D66E529D9D2B90018E8F4 /* Deck.swift in Sources */ = {isa = PBXBuildFile; fileRef = 261D66E029D9D2B80018E8F4 /* Deck.swift */; };
		261D66E629D9D2B90018E8F4 /* DiscardPile.swift in Sources */ = {isa = PBXBuildFile; fileRef = 261D66E129D9D2B80018E8F4 /* DiscardPile.swift */; };
		261D66E829D9D2B90018E8F4 /* Players.swift in Sources */ = {isa = PBXBuildFile; fileRef = 261D66E329D9D2B80018E8F4 /* Players.swift */; };
		261D66EC29D9D3700018E8F4 /* PlayerBuilder.swift in Sources */ = {isa = PBXBuildFile; fileRef = 261D66EB29D9D3700018E8F4 /* PlayerBuilder.swift */; };
		261D66EE29D9D4200018E8F4 /* Deck.swift in Sources */ = {isa = PBXBuildFile; fileRef = 261D66E029D9D2B80018E8F4 /* Deck.swift */; };
		261D66EF29D9D4200018E8F4 /* Players.swift in Sources */ = {isa = PBXBuildFile; fileRef = 261D66E329D9D2B80018E8F4 /* Players.swift */; };
		261D66F029D9D4200018E8F4 /* DiscardPile.swift in Sources */ = {isa = PBXBuildFile; fileRef = 261D66E129D9D2B80018E8F4 /* DiscardPile.swift */; };
		261D66F229D9D4240018E8F4 /* PlayerBuilder.swift in Sources */ = {isa = PBXBuildFile; fileRef = 261D66EB29D9D3700018E8F4 /* PlayerBuilder.swift */; };
		261D66F429D9D5590018E8F4 /* Choosable.swift in Sources */ = {isa = PBXBuildFile; fileRef = 261D66F329D9D5590018E8F4 /* Choosable.swift */; };
		261D66FC29D9D5FB0018E8F4 /* CardCodableTests.swift in Sources */ = {isa = PBXBuildFile; fileRef = 261D66FA29D9D5FB0018E8F4 /* CardCodableTests.swift */; };
		261D66FD29D9D5FB0018E8F4 /* CardIdTests.swift in Sources */ = {isa = PBXBuildFile; fileRef = 261D66FB29D9D5FB0018E8F4 /* CardIdTests.swift */; };
		261D670329D9D85C0018E8F4 /* CardLocationCodableTests.swift in Sources */ = {isa = PBXBuildFile; fileRef = 261D670129D9D85C0018E8F4 /* CardLocationCodableTests.swift */; };
		261D670429D9D85C0018E8F4 /* CardLocationModifiersTests.swift in Sources */ = {isa = PBXBuildFile; fileRef = 261D670229D9D85C0018E8F4 /* CardLocationModifiersTests.swift */; };
		261D670629D9DA3F0018E8F4 /* Card+Modifiers.swift in Sources */ = {isa = PBXBuildFile; fileRef = 261D670529D9DA3F0018E8F4 /* Card+Modifiers.swift */; };
		261D670729D9DA9A0018E8F4 /* Card+Modifiers.swift in Sources */ = {isa = PBXBuildFile; fileRef = 261D670529D9DA3F0018E8F4 /* Card+Modifiers.swift */; };
		261D670929D9DC090018E8F4 /* CardLocation+Modifiers.swift in Sources */ = {isa = PBXBuildFile; fileRef = 261D670829D9DC090018E8F4 /* CardLocation+Modifiers.swift */; };
		261D670A29D9DC3C0018E8F4 /* CardLocation+Modifiers.swift in Sources */ = {isa = PBXBuildFile; fileRef = 261D670829D9DC090018E8F4 /* CardLocation+Modifiers.swift */; };
		261D670E29D9DD2A0018E8F4 /* CardStackModifiersTests.swift in Sources */ = {isa = PBXBuildFile; fileRef = 261D670C29D9DD2A0018E8F4 /* CardStackModifiersTests.swift */; };
		261D670F29D9DD2A0018E8F4 /* CardStackCodableTests.swift in Sources */ = {isa = PBXBuildFile; fileRef = 261D670D29D9DD2A0018E8F4 /* CardStackCodableTests.swift */; };
		261D671129D9DD8D0018E8F4 /* CardStack+Modifiers.swift in Sources */ = {isa = PBXBuildFile; fileRef = 261D671029D9DD8C0018E8F4 /* CardStack+Modifiers.swift */; };
		261D671229D9DD8F0018E8F4 /* CardStack+Modifiers.swift in Sources */ = {isa = PBXBuildFile; fileRef = 261D671029D9DD8C0018E8F4 /* CardStack+Modifiers.swift */; };
		261D671629D9DFAB0018E8F4 /* CardLocation+Rules.swift in Sources */ = {isa = PBXBuildFile; fileRef = 261D671529D9DFAB0018E8F4 /* CardLocation+Rules.swift */; };
		261D671929D9E0060018E8F4 /* CardLocationRulesTests.swift in Sources */ = {isa = PBXBuildFile; fileRef = 261D671829D9E0060018E8F4 /* CardLocationRulesTests.swift */; };
		261D671A29D9E0230018E8F4 /* CardLocation+Rules.swift in Sources */ = {isa = PBXBuildFile; fileRef = 261D671529D9DFAB0018E8F4 /* CardLocation+Rules.swift */; };
		2699EF0129D93AD00030ACCD /* CardApp.swift in Sources */ = {isa = PBXBuildFile; fileRef = 2699EF0029D93AD00030ACCD /* CardApp.swift */; };
		2699EF0329D93AD00030ACCD /* MainView.swift in Sources */ = {isa = PBXBuildFile; fileRef = 2699EF0229D93AD00030ACCD /* MainView.swift */; };
		2699EF0529D93AD10030ACCD /* Assets.xcassets in Resources */ = {isa = PBXBuildFile; fileRef = 2699EF0429D93AD10030ACCD /* Assets.xcassets */; };
		2699EF0929D93AD10030ACCD /* Preview Assets.xcassets in Resources */ = {isa = PBXBuildFile; fileRef = 2699EF0829D93AD10030ACCD /* Preview Assets.xcassets */; };
		2699EF3029D93EB50030ACCD /* Store.swift in Sources */ = {isa = PBXBuildFile; fileRef = 2699EF2F29D93EB50030ACCD /* Store.swift */; };
		2699EF3329D93EC30030ACCD /* GameState.swift in Sources */ = {isa = PBXBuildFile; fileRef = 2699EF3129D93EC30030ACCD /* GameState.swift */; };
		2699EF3429D93EC30030ACCD /* AppState.swift in Sources */ = {isa = PBXBuildFile; fileRef = 2699EF3229D93EC30030ACCD /* AppState.swift */; };
		2699EF3829D93ECF0030ACCD /* Card.swift in Sources */ = {isa = PBXBuildFile; fileRef = 2699EF3529D93ECF0030ACCD /* Card.swift */; };
		2699EF3A29D93ECF0030ACCD /* Game.swift in Sources */ = {isa = PBXBuildFile; fileRef = 2699EF3729D93ECF0030ACCD /* Game.swift */; };
		2699EF3B29D93FED0030ACCD /* Store.swift in Sources */ = {isa = PBXBuildFile; fileRef = 2699EF2F29D93EB50030ACCD /* Store.swift */; };
		2699EF3C29D93FFE0030ACCD /* AppState.swift in Sources */ = {isa = PBXBuildFile; fileRef = 2699EF3229D93EC30030ACCD /* AppState.swift */; };
		2699EF3D29D940010030ACCD /* GameState.swift in Sources */ = {isa = PBXBuildFile; fileRef = 2699EF3129D93EC30030ACCD /* GameState.swift */; };
		2699EF3F29D940100030ACCD /* Card.swift in Sources */ = {isa = PBXBuildFile; fileRef = 2699EF3529D93ECF0030ACCD /* Card.swift */; };
		2699EF4029D940100030ACCD /* Game.swift in Sources */ = {isa = PBXBuildFile; fileRef = 2699EF3729D93ECF0030ACCD /* Game.swift */; };
		26E4AA9A29D9417000631D1F /* CardAppStore.swift in Sources */ = {isa = PBXBuildFile; fileRef = 26E4AA9929D9417000631D1F /* CardAppStore.swift */; };
		26E4AA9B29D9419F00631D1F /* CardAppStore.swift in Sources */ = {isa = PBXBuildFile; fileRef = 26E4AA9929D9417000631D1F /* CardAppStore.swift */; };
		26E4AA9D29D941ED00631D1F /* README.md in Resources */ = {isa = PBXBuildFile; fileRef = 26E4AA9C29D941ED00631D1F /* README.md */; };
		26E4AAA429D945D300631D1F /* SplashView.swift in Sources */ = {isa = PBXBuildFile; fileRef = 26E4AAA329D945D300631D1F /* SplashView.swift */; };
		26E4AAA929D94CFD00631D1F /* HomeState.swift in Sources */ = {isa = PBXBuildFile; fileRef = 26E4AAA829D94CFD00631D1F /* HomeState.swift */; };
		26E4AAAA29D94DD700631D1F /* HomeState.swift in Sources */ = {isa = PBXBuildFile; fileRef = 26E4AAA829D94CFD00631D1F /* HomeState.swift */; };
		26E4AAAC29D9516600631D1F /* HomeView.swift in Sources */ = {isa = PBXBuildFile; fileRef = 26E4AAAB29D9516600631D1F /* HomeView.swift */; };
/* End PBXBuildFile section */

/* Begin PBXContainerItemProxy section */
		2699EF0F29D93AD10030ACCD /* PBXContainerItemProxy */ = {
			isa = PBXContainerItemProxy;
			containerPortal = 2699EEF529D93AD00030ACCD /* Project object */;
			proxyType = 1;
			remoteGlobalIDString = 2699EEFC29D93AD00030ACCD;
			remoteInfo = ReduxGameDSL;
		};
/* End PBXContainerItemProxy section */

/* Begin PBXFileReference section */
		260C537929D9575E00FB08C3 /* GameView.swift */ = {isa = PBXFileReference; lastKnownFileType = sourcecode.swift; path = GameView.swift; sourceTree = "<group>"; };
		260C537B29D9BF1B00FB08C3 /* AppState_FlowTests.swift */ = {isa = PBXFileReference; lastKnownFileType = sourcecode.swift; path = AppState_FlowTests.swift; sourceTree = "<group>"; };
		261D66BF29D9CCCE0018E8F4 /* CardStack.swift */ = {isa = PBXFileReference; lastKnownFileType = sourcecode.swift; path = CardStack.swift; sourceTree = "<group>"; };
		261D66C129D9CCF00018E8F4 /* CardLocation.swift */ = {isa = PBXFileReference; lastKnownFileType = sourcecode.swift; path = CardLocation.swift; sourceTree = "<group>"; };
		261D66C429D9CD980018E8F4 /* Player.swift */ = {isa = PBXFileReference; lastKnownFileType = sourcecode.swift; path = Player.swift; sourceTree = "<group>"; };
		261D66CB29D9D0A50018E8F4 /* CardBuilder.swift */ = {isa = PBXFileReference; fileEncoding = 4; lastKnownFileType = sourcecode.swift; path = CardBuilder.swift; sourceTree = "<group>"; };
		261D66CD29D9D0E30018E8F4 /* AttributeBuilder.swift */ = {isa = PBXFileReference; fileEncoding = 4; lastKnownFileType = sourcecode.swift; path = AttributeBuilder.swift; sourceTree = "<group>"; };
		261D66CE29D9D0E30018E8F4 /* Attribute.swift */ = {isa = PBXFileReference; fileEncoding = 4; lastKnownFileType = sourcecode.swift; path = Attribute.swift; sourceTree = "<group>"; };
		261D66D529D9D1A40018E8F4 /* Abilities.swift */ = {isa = PBXFileReference; fileEncoding = 4; lastKnownFileType = sourcecode.swift; path = Abilities.swift; sourceTree = "<group>"; };
		261D66D629D9D1A40018E8F4 /* InPlay.swift */ = {isa = PBXFileReference; fileEncoding = 4; lastKnownFileType = sourcecode.swift; path = InPlay.swift; sourceTree = "<group>"; };
		261D66D729D9D1A40018E8F4 /* Hand.swift */ = {isa = PBXFileReference; fileEncoding = 4; lastKnownFileType = sourcecode.swift; path = Hand.swift; sourceTree = "<group>"; };
		261D66E029D9D2B80018E8F4 /* Deck.swift */ = {isa = PBXFileReference; fileEncoding = 4; lastKnownFileType = sourcecode.swift; path = Deck.swift; sourceTree = "<group>"; };
		261D66E129D9D2B80018E8F4 /* DiscardPile.swift */ = {isa = PBXFileReference; fileEncoding = 4; lastKnownFileType = sourcecode.swift; path = DiscardPile.swift; sourceTree = "<group>"; };
		261D66E329D9D2B80018E8F4 /* Players.swift */ = {isa = PBXFileReference; fileEncoding = 4; lastKnownFileType = sourcecode.swift; path = Players.swift; sourceTree = "<group>"; };
		261D66EB29D9D3700018E8F4 /* PlayerBuilder.swift */ = {isa = PBXFileReference; fileEncoding = 4; lastKnownFileType = sourcecode.swift; path = PlayerBuilder.swift; sourceTree = "<group>"; };
		261D66F329D9D5590018E8F4 /* Choosable.swift */ = {isa = PBXFileReference; lastKnownFileType = sourcecode.swift; path = Choosable.swift; sourceTree = "<group>"; };
		261D66FA29D9D5FB0018E8F4 /* CardCodableTests.swift */ = {isa = PBXFileReference; fileEncoding = 4; lastKnownFileType = sourcecode.swift; path = CardCodableTests.swift; sourceTree = "<group>"; };
		261D66FB29D9D5FB0018E8F4 /* CardIdTests.swift */ = {isa = PBXFileReference; fileEncoding = 4; lastKnownFileType = sourcecode.swift; path = CardIdTests.swift; sourceTree = "<group>"; };
		261D670129D9D85C0018E8F4 /* CardLocationCodableTests.swift */ = {isa = PBXFileReference; fileEncoding = 4; lastKnownFileType = sourcecode.swift; path = CardLocationCodableTests.swift; sourceTree = "<group>"; };
		261D670229D9D85C0018E8F4 /* CardLocationModifiersTests.swift */ = {isa = PBXFileReference; fileEncoding = 4; lastKnownFileType = sourcecode.swift; path = CardLocationModifiersTests.swift; sourceTree = "<group>"; };
		261D670529D9DA3F0018E8F4 /* Card+Modifiers.swift */ = {isa = PBXFileReference; lastKnownFileType = sourcecode.swift; path = "Card+Modifiers.swift"; sourceTree = "<group>"; };
		261D670829D9DC090018E8F4 /* CardLocation+Modifiers.swift */ = {isa = PBXFileReference; lastKnownFileType = sourcecode.swift; path = "CardLocation+Modifiers.swift"; sourceTree = "<group>"; };
		261D670C29D9DD2A0018E8F4 /* CardStackModifiersTests.swift */ = {isa = PBXFileReference; fileEncoding = 4; lastKnownFileType = sourcecode.swift; path = CardStackModifiersTests.swift; sourceTree = "<group>"; };
		261D670D29D9DD2A0018E8F4 /* CardStackCodableTests.swift */ = {isa = PBXFileReference; fileEncoding = 4; lastKnownFileType = sourcecode.swift; path = CardStackCodableTests.swift; sourceTree = "<group>"; };
		261D671029D9DD8C0018E8F4 /* CardStack+Modifiers.swift */ = {isa = PBXFileReference; lastKnownFileType = sourcecode.swift; path = "CardStack+Modifiers.swift"; sourceTree = "<group>"; };
		261D671529D9DFAB0018E8F4 /* CardLocation+Rules.swift */ = {isa = PBXFileReference; lastKnownFileType = sourcecode.swift; path = "CardLocation+Rules.swift"; sourceTree = "<group>"; };
		261D671829D9E0060018E8F4 /* CardLocationRulesTests.swift */ = {isa = PBXFileReference; lastKnownFileType = sourcecode.swift; path = CardLocationRulesTests.swift; sourceTree = "<group>"; };
		2699EEFD29D93AD00030ACCD /* CardApp.app */ = {isa = PBXFileReference; explicitFileType = wrapper.application; includeInIndex = 0; path = CardApp.app; sourceTree = BUILT_PRODUCTS_DIR; };
		2699EF0029D93AD00030ACCD /* CardApp.swift */ = {isa = PBXFileReference; lastKnownFileType = sourcecode.swift; path = CardApp.swift; sourceTree = "<group>"; };
		2699EF0229D93AD00030ACCD /* MainView.swift */ = {isa = PBXFileReference; lastKnownFileType = sourcecode.swift; path = MainView.swift; sourceTree = "<group>"; };
		2699EF0429D93AD10030ACCD /* Assets.xcassets */ = {isa = PBXFileReference; lastKnownFileType = folder.assetcatalog; path = Assets.xcassets; sourceTree = "<group>"; };
		2699EF0629D93AD10030ACCD /* CardApp.entitlements */ = {isa = PBXFileReference; lastKnownFileType = text.plist.entitlements; path = CardApp.entitlements; sourceTree = "<group>"; };
		2699EF0829D93AD10030ACCD /* Preview Assets.xcassets */ = {isa = PBXFileReference; lastKnownFileType = folder.assetcatalog; path = "Preview Assets.xcassets"; sourceTree = "<group>"; };
		2699EF0E29D93AD10030ACCD /* CardAppTests.xctest */ = {isa = PBXFileReference; explicitFileType = wrapper.cfbundle; includeInIndex = 0; path = CardAppTests.xctest; sourceTree = BUILT_PRODUCTS_DIR; };
		2699EF2F29D93EB50030ACCD /* Store.swift */ = {isa = PBXFileReference; fileEncoding = 4; lastKnownFileType = sourcecode.swift; path = Store.swift; sourceTree = "<group>"; };
		2699EF3129D93EC30030ACCD /* GameState.swift */ = {isa = PBXFileReference; fileEncoding = 4; lastKnownFileType = sourcecode.swift; path = GameState.swift; sourceTree = "<group>"; };
		2699EF3229D93EC30030ACCD /* AppState.swift */ = {isa = PBXFileReference; fileEncoding = 4; lastKnownFileType = sourcecode.swift; path = AppState.swift; sourceTree = "<group>"; };
		2699EF3529D93ECF0030ACCD /* Card.swift */ = {isa = PBXFileReference; fileEncoding = 4; lastKnownFileType = sourcecode.swift; path = Card.swift; sourceTree = "<group>"; };
		2699EF3729D93ECF0030ACCD /* Game.swift */ = {isa = PBXFileReference; fileEncoding = 4; lastKnownFileType = sourcecode.swift; path = Game.swift; sourceTree = "<group>"; };
		26E4AA9929D9417000631D1F /* CardAppStore.swift */ = {isa = PBXFileReference; lastKnownFileType = sourcecode.swift; path = CardAppStore.swift; sourceTree = "<group>"; };
		26E4AA9C29D941ED00631D1F /* README.md */ = {isa = PBXFileReference; fileEncoding = 4; lastKnownFileType = net.daringfireball.markdown; path = README.md; sourceTree = "<group>"; };
		26E4AAA329D945D300631D1F /* SplashView.swift */ = {isa = PBXFileReference; lastKnownFileType = sourcecode.swift; path = SplashView.swift; sourceTree = "<group>"; };
		26E4AAA829D94CFD00631D1F /* HomeState.swift */ = {isa = PBXFileReference; lastKnownFileType = sourcecode.swift; path = HomeState.swift; sourceTree = "<group>"; };
		26E4AAAB29D9516600631D1F /* HomeView.swift */ = {isa = PBXFileReference; lastKnownFileType = sourcecode.swift; path = HomeView.swift; sourceTree = "<group>"; };
/* End PBXFileReference section */

/* Begin PBXFrameworksBuildPhase section */
		2699EEFA29D93AD00030ACCD /* Frameworks */ = {
			isa = PBXFrameworksBuildPhase;
			buildActionMask = 2147483647;
			files = (
			);
			runOnlyForDeploymentPostprocessing = 0;
		};
		2699EF0B29D93AD10030ACCD /* Frameworks */ = {
			isa = PBXFrameworksBuildPhase;
			buildActionMask = 2147483647;
			files = (
			);
			runOnlyForDeploymentPostprocessing = 0;
		};
/* End PBXFrameworksBuildPhase section */

/* Begin PBXGroup section */
		261D66CA29D9CE1C0018E8F4 /* DSL */ = {
			isa = PBXGroup;
			children = (
				261D66DF29D9D2A80018E8F4 /* Game */,
				261D66DE29D9D29C0018E8F4 /* Player */,
				261D66EA29D9D34B0018E8F4 /* Card */,
				261D66D429D9D1890018E8F4 /* Attribute */,
			);
			path = DSL;
			sourceTree = "<group>";
		};
		261D66D429D9D1890018E8F4 /* Attribute */ = {
			isa = PBXGroup;
			children = (
				261D66CE29D9D0E30018E8F4 /* Attribute.swift */,
				261D66CD29D9D0E30018E8F4 /* AttributeBuilder.swift */,
			);
			path = Attribute;
			sourceTree = "<group>";
		};
		261D66DE29D9D29C0018E8F4 /* Player */ = {
			isa = PBXGroup;
			children = (
				261D66EB29D9D3700018E8F4 /* PlayerBuilder.swift */,
				261D66D529D9D1A40018E8F4 /* Abilities.swift */,
				261D66D729D9D1A40018E8F4 /* Hand.swift */,
				261D66D629D9D1A40018E8F4 /* InPlay.swift */,
			);
			path = Player;
			sourceTree = "<group>";
		};
		261D66DF29D9D2A80018E8F4 /* Game */ = {
			isa = PBXGroup;
			children = (
				261D66E029D9D2B80018E8F4 /* Deck.swift */,
				261D66E129D9D2B80018E8F4 /* DiscardPile.swift */,
				261D66E329D9D2B80018E8F4 /* Players.swift */,
				261D66F329D9D5590018E8F4 /* Choosable.swift */,
			);
			path = Game;
			sourceTree = "<group>";
		};
		261D66EA29D9D34B0018E8F4 /* Card */ = {
			isa = PBXGroup;
			children = (
				261D66CB29D9D0A50018E8F4 /* CardBuilder.swift */,
				261D670529D9DA3F0018E8F4 /* Card+Modifiers.swift */,
				261D670829D9DC090018E8F4 /* CardLocation+Modifiers.swift */,
				261D671029D9DD8C0018E8F4 /* CardStack+Modifiers.swift */,
			);
			path = Card;
			sourceTree = "<group>";
		};
		261D66F529D9D5950018E8F4 /* DSL */ = {
			isa = PBXGroup;
			children = (
				261D66F929D9D5F00018E8F4 /* Card */,
				261D670029D9D84E0018E8F4 /* CardLocation */,
				261D670B29D9DD0E0018E8F4 /* CardStack */,
			);
			path = DSL;
			sourceTree = "<group>";
		};
		261D66F929D9D5F00018E8F4 /* Card */ = {
			isa = PBXGroup;
			children = (
				261D66FA29D9D5FB0018E8F4 /* CardCodableTests.swift */,
				261D66FB29D9D5FB0018E8F4 /* CardIdTests.swift */,
			);
			path = Card;
			sourceTree = "<group>";
		};
		261D66FE29D9D77E0018E8F4 /* Modules */ = {
			isa = PBXGroup;
			children = (
				261D66FF29D9D79B0018E8F4 /* Main */,
			);
			path = Modules;
			sourceTree = "<group>";
		};
		261D66FF29D9D79B0018E8F4 /* Main */ = {
			isa = PBXGroup;
			children = (
				260C537B29D9BF1B00FB08C3 /* AppState_FlowTests.swift */,
			);
			path = Main;
			sourceTree = "<group>";
		};
		261D670029D9D84E0018E8F4 /* CardLocation */ = {
			isa = PBXGroup;
			children = (
				261D670129D9D85C0018E8F4 /* CardLocationCodableTests.swift */,
				261D670229D9D85C0018E8F4 /* CardLocationModifiersTests.swift */,
			);
			path = CardLocation;
			sourceTree = "<group>";
		};
		261D670B29D9DD0E0018E8F4 /* CardStack */ = {
			isa = PBXGroup;
			children = (
				261D670D29D9DD2A0018E8F4 /* CardStackCodableTests.swift */,
				261D670C29D9DD2A0018E8F4 /* CardStackModifiersTests.swift */,
			);
			path = CardStack;
			sourceTree = "<group>";
		};
		261D671329D9DF900018E8F4 /* Rules */ = {
			isa = PBXGroup;
			children = (
				261D671529D9DFAB0018E8F4 /* CardLocation+Rules.swift */,
			);
			path = Rules;
			sourceTree = "<group>";
		};
		261D671729D9DFCF0018E8F4 /* Rules */ = {
			isa = PBXGroup;
			children = (
				261D671829D9E0060018E8F4 /* CardLocationRulesTests.swift */,
			);
			path = Rules;
			sourceTree = "<group>";
		};
		2699EEF429D93AD00030ACCD = {
			isa = PBXGroup;
			children = (
				26E4AA9C29D941ED00631D1F /* README.md */,
				2699EEFF29D93AD00030ACCD /* CardApp */,
				2699EF1129D93AD10030ACCD /* CardAppTests */,
				2699EEFE29D93AD00030ACCD /* Products */,
			);
			sourceTree = "<group>";
		};
		2699EEFE29D93AD00030ACCD /* Products */ = {
			isa = PBXGroup;
			children = (
				2699EEFD29D93AD00030ACCD /* CardApp.app */,
				2699EF0E29D93AD10030ACCD /* CardAppTests.xctest */,
			);
			name = Products;
			sourceTree = "<group>";
		};
		2699EEFF29D93AD00030ACCD /* CardApp */ = {
			isa = PBXGroup;
			children = (
				2699EF2E29D93E9C0030ACCD /* App */,
				2699EF2D29D93E920030ACCD /* Modules */,
				2699EF2C29D93E8B0030ACCD /* Models */,
				261D66CA29D9CE1C0018E8F4 /* DSL */,
				261D671329D9DF900018E8F4 /* Rules */,
				2699EF0429D93AD10030ACCD /* Assets.xcassets */,
				2699EF0629D93AD10030ACCD /* CardApp.entitlements */,
				2699EF0729D93AD10030ACCD /* Preview Content */,
			);
			path = CardApp;
			sourceTree = "<group>";
		};
		2699EF0729D93AD10030ACCD /* Preview Content */ = {
			isa = PBXGroup;
			children = (
				2699EF0829D93AD10030ACCD /* Preview Assets.xcassets */,
			);
			path = "Preview Content";
			sourceTree = "<group>";
		};
		2699EF1129D93AD10030ACCD /* CardAppTests */ = {
			isa = PBXGroup;
			children = (
				261D66FE29D9D77E0018E8F4 /* Modules */,
				261D66F529D9D5950018E8F4 /* DSL */,
				261D671729D9DFCF0018E8F4 /* Rules */,
			);
			path = CardAppTests;
			sourceTree = "<group>";
		};
		2699EF2C29D93E8B0030ACCD /* Models */ = {
			isa = PBXGroup;
			children = (
				2699EF3729D93ECF0030ACCD /* Game.swift */,
				261D66C429D9CD980018E8F4 /* Player.swift */,
				2699EF3529D93ECF0030ACCD /* Card.swift */,
				261D66BF29D9CCCE0018E8F4 /* CardStack.swift */,
				261D66C129D9CCF00018E8F4 /* CardLocation.swift */,
			);
			path = Models;
			sourceTree = "<group>";
		};
		2699EF2D29D93E920030ACCD /* Modules */ = {
			isa = PBXGroup;
			children = (
				26E4AAA129D9451E00631D1F /* Main */,
				26E4AA9E29D944E500631D1F /* Splash */,
				26E4AA9F29D944EA00631D1F /* Home */,
				26E4AAA029D944EF00631D1F /* Game */,
			);
			path = Modules;
			sourceTree = "<group>";
		};
		2699EF2E29D93E9C0030ACCD /* App */ = {
			isa = PBXGroup;
			children = (
				2699EF0029D93AD00030ACCD /* CardApp.swift */,
				26E4AA9929D9417000631D1F /* CardAppStore.swift */,
				2699EF2F29D93EB50030ACCD /* Store.swift */,
			);
			path = App;
			sourceTree = "<group>";
		};
		26E4AA9E29D944E500631D1F /* Splash */ = {
			isa = PBXGroup;
			children = (
				26E4AAA329D945D300631D1F /* SplashView.swift */,
			);
			path = Splash;
			sourceTree = "<group>";
		};
		26E4AA9F29D944EA00631D1F /* Home */ = {
			isa = PBXGroup;
			children = (
				26E4AAAB29D9516600631D1F /* HomeView.swift */,
				26E4AAA829D94CFD00631D1F /* HomeState.swift */,
			);
			path = Home;
			sourceTree = "<group>";
		};
		26E4AAA029D944EF00631D1F /* Game */ = {
			isa = PBXGroup;
			children = (
				260C537929D9575E00FB08C3 /* GameView.swift */,
				2699EF3129D93EC30030ACCD /* GameState.swift */,
			);
			path = Game;
			sourceTree = "<group>";
		};
		26E4AAA129D9451E00631D1F /* Main */ = {
			isa = PBXGroup;
			children = (
				2699EF0229D93AD00030ACCD /* MainView.swift */,
				2699EF3229D93EC30030ACCD /* AppState.swift */,
			);
			path = Main;
			sourceTree = "<group>";
		};
/* End PBXGroup section */

/* Begin PBXNativeTarget section */
		2699EEFC29D93AD00030ACCD /* CardApp */ = {
			isa = PBXNativeTarget;
			buildConfigurationList = 2699EF2229D93AD10030ACCD /* Build configuration list for PBXNativeTarget "CardApp" */;
			buildPhases = (
				2699EF2B29D93B4B0030ACCD /* Run SwiftLint */,
				2699EEF929D93AD00030ACCD /* Sources */,
				2699EEFA29D93AD00030ACCD /* Frameworks */,
				2699EEFB29D93AD00030ACCD /* Resources */,
			);
			buildRules = (
			);
			dependencies = (
			);
			name = CardApp;
			productName = ReduxGameDSL;
			productReference = 2699EEFD29D93AD00030ACCD /* CardApp.app */;
			productType = "com.apple.product-type.application";
		};
		2699EF0D29D93AD10030ACCD /* CardAppTests */ = {
			isa = PBXNativeTarget;
			buildConfigurationList = 2699EF2529D93AD10030ACCD /* Build configuration list for PBXNativeTarget "CardAppTests" */;
			buildPhases = (
				2699EF0A29D93AD10030ACCD /* Sources */,
				2699EF0B29D93AD10030ACCD /* Frameworks */,
				2699EF0C29D93AD10030ACCD /* Resources */,
			);
			buildRules = (
			);
			dependencies = (
				2699EF1029D93AD10030ACCD /* PBXTargetDependency */,
			);
			name = CardAppTests;
			productName = ReduxGameDSLTests;
			productReference = 2699EF0E29D93AD10030ACCD /* CardAppTests.xctest */;
			productType = "com.apple.product-type.bundle.unit-test";
		};
/* End PBXNativeTarget section */

/* Begin PBXProject section */
		2699EEF529D93AD00030ACCD /* Project object */ = {
			isa = PBXProject;
			attributes = {
				BuildIndependentTargetsInParallel = 1;
				LastSwiftUpdateCheck = 1420;
				LastUpgradeCheck = 1420;
				TargetAttributes = {
					2699EEFC29D93AD00030ACCD = {
						CreatedOnToolsVersion = 14.2;
					};
					2699EF0D29D93AD10030ACCD = {
						CreatedOnToolsVersion = 14.2;
					};
				};
			};
			buildConfigurationList = 2699EEF829D93AD00030ACCD /* Build configuration list for PBXProject "CardApp" */;
			compatibilityVersion = "Xcode 14.0";
			developmentRegion = en;
			hasScannedForEncodings = 0;
			knownRegions = (
				en,
				Base,
			);
			mainGroup = 2699EEF429D93AD00030ACCD;
			productRefGroup = 2699EEFE29D93AD00030ACCD /* Products */;
			projectDirPath = "";
			projectRoot = "";
			targets = (
				2699EEFC29D93AD00030ACCD /* CardApp */,
				2699EF0D29D93AD10030ACCD /* CardAppTests */,
			);
		};
/* End PBXProject section */

/* Begin PBXResourcesBuildPhase section */
		2699EEFB29D93AD00030ACCD /* Resources */ = {
			isa = PBXResourcesBuildPhase;
			buildActionMask = 2147483647;
			files = (
				26E4AA9D29D941ED00631D1F /* README.md in Resources */,
				2699EF0929D93AD10030ACCD /* Preview Assets.xcassets in Resources */,
				2699EF0529D93AD10030ACCD /* Assets.xcassets in Resources */,
			);
			runOnlyForDeploymentPostprocessing = 0;
		};
		2699EF0C29D93AD10030ACCD /* Resources */ = {
			isa = PBXResourcesBuildPhase;
			buildActionMask = 2147483647;
			files = (
			);
			runOnlyForDeploymentPostprocessing = 0;
		};
/* End PBXResourcesBuildPhase section */

/* Begin PBXShellScriptBuildPhase section */
		2699EF2B29D93B4B0030ACCD /* Run SwiftLint */ = {
			isa = PBXShellScriptBuildPhase;
			alwaysOutOfDate = 1;
			buildActionMask = 2147483647;
			files = (
			);
			inputFileListPaths = (
			);
			inputPaths = (
			);
			name = "Run SwiftLint";
			outputFileListPaths = (
			);
			outputPaths = (
			);
			runOnlyForDeploymentPostprocessing = 0;
			shellPath = /bin/sh;
			shellScript = "export PATH=\"$PATH:/opt/homebrew/bin\"\nif which swiftlint > /dev/null; then\n  swiftlint\nelse\n  echo \"warning: SwiftLint not installed, download from https://github.com/realm/SwiftLint\"\nfi\n";
		};
/* End PBXShellScriptBuildPhase section */

/* Begin PBXSourcesBuildPhase section */
		2699EEF929D93AD00030ACCD /* Sources */ = {
			isa = PBXSourcesBuildPhase;
			buildActionMask = 2147483647;
			files = (
				2699EF3029D93EB50030ACCD /* Store.swift in Sources */,
				261D66E829D9D2B90018E8F4 /* Players.swift in Sources */,
				261D671129D9DD8D0018E8F4 /* CardStack+Modifiers.swift in Sources */,
				26E4AA9A29D9417000631D1F /* CardAppStore.swift in Sources */,
				26E4AAAC29D9516600631D1F /* HomeView.swift in Sources */,
				261D66E629D9D2B90018E8F4 /* DiscardPile.swift in Sources */,
				261D66F429D9D5590018E8F4 /* Choosable.swift in Sources */,
				261D66CF29D9D0E30018E8F4 /* AttributeBuilder.swift in Sources */,
				2699EF3829D93ECF0030ACCD /* Card.swift in Sources */,
				2699EF3429D93EC30030ACCD /* AppState.swift in Sources */,
				26E4AAA929D94CFD00631D1F /* HomeState.swift in Sources */,
				261D66D829D9D1A40018E8F4 /* Abilities.swift in Sources */,
				260C537A29D9575E00FB08C3 /* GameView.swift in Sources */,
				2699EF3329D93EC30030ACCD /* GameState.swift in Sources */,
				261D66C029D9CCCE0018E8F4 /* CardStack.swift in Sources */,
				261D66DA29D9D1A40018E8F4 /* Hand.swift in Sources */,
				2699EF0329D93AD00030ACCD /* MainView.swift in Sources */,
				261D66C229D9CCF00018E8F4 /* CardLocation.swift in Sources */,
				261D671629D9DFAB0018E8F4 /* CardLocation+Rules.swift in Sources */,
				261D66D029D9D0E30018E8F4 /* Attribute.swift in Sources */,
				261D66EC29D9D3700018E8F4 /* PlayerBuilder.swift in Sources */,
				26E4AAA429D945D300631D1F /* SplashView.swift in Sources */,
				2699EF0129D93AD00030ACCD /* CardApp.swift in Sources */,
				261D66D929D9D1A40018E8F4 /* InPlay.swift in Sources */,
				261D66CC29D9D0A50018E8F4 /* CardBuilder.swift in Sources */,
				261D66C529D9CD980018E8F4 /* Player.swift in Sources */,
				261D66E529D9D2B90018E8F4 /* Deck.swift in Sources */,
				261D670629D9DA3F0018E8F4 /* Card+Modifiers.swift in Sources */,
				2699EF3A29D93ECF0030ACCD /* Game.swift in Sources */,
				261D670929D9DC090018E8F4 /* CardLocation+Modifiers.swift in Sources */,
			);
			runOnlyForDeploymentPostprocessing = 0;
		};
		2699EF0A29D93AD10030ACCD /* Sources */ = {
			isa = PBXSourcesBuildPhase;
			buildActionMask = 2147483647;
			files = (
				261D670729D9DA9A0018E8F4 /* Card+Modifiers.swift in Sources */,
				261D66C829D9CDD80018E8F4 /* Player.swift in Sources */,
				261D670E29D9DD2A0018E8F4 /* CardStackModifiersTests.swift in Sources */,
				261D66C729D9CDD80018E8F4 /* CardLocation.swift in Sources */,
				2699EF3C29D93FFE0030ACCD /* AppState.swift in Sources */,
				2699EF3F29D940100030ACCD /* Card.swift in Sources */,
				261D66FC29D9D5FB0018E8F4 /* CardCodableTests.swift in Sources */,
				261D66DC29D9D1E90018E8F4 /* InPlay.swift in Sources */,
				2699EF4029D940100030ACCD /* Game.swift in Sources */,
				261D66F029D9D4200018E8F4 /* DiscardPile.swift in Sources */,
				2699EF3D29D940010030ACCD /* GameState.swift in Sources */,
				261D66D129D9D17A0018E8F4 /* Attribute.swift in Sources */,
				26E4AA9B29D9419F00631D1F /* CardAppStore.swift in Sources */,
				26E4AAAA29D94DD700631D1F /* HomeState.swift in Sources */,
				261D66F229D9D4240018E8F4 /* PlayerBuilder.swift in Sources */,
				261D66EE29D9D4200018E8F4 /* Deck.swift in Sources */,
				261D670429D9D85C0018E8F4 /* CardLocationModifiersTests.swift in Sources */,
				261D671229D9DD8F0018E8F4 /* CardStack+Modifiers.swift in Sources */,
				261D66DD29D9D1E90018E8F4 /* Abilities.swift in Sources */,
				260C537C29D9BF1B00FB08C3 /* AppState_FlowTests.swift in Sources */,
				2699EF3B29D93FED0030ACCD /* Store.swift in Sources */,
				261D671929D9E0060018E8F4 /* CardLocationRulesTests.swift in Sources */,
				261D670329D9D85C0018E8F4 /* CardLocationCodableTests.swift in Sources */,
				261D670A29D9DC3C0018E8F4 /* CardLocation+Modifiers.swift in Sources */,
				261D66DB29D9D1E90018E8F4 /* Hand.swift in Sources */,
				261D66FD29D9D5FB0018E8F4 /* CardIdTests.swift in Sources */,
				261D66EF29D9D4200018E8F4 /* Players.swift in Sources */,
				261D66D329D9D17A0018E8F4 /* CardBuilder.swift in Sources */,
				261D671A29D9E0230018E8F4 /* CardLocation+Rules.swift in Sources */,
				261D66C629D9CDD80018E8F4 /* CardStack.swift in Sources */,
				261D66D229D9D17A0018E8F4 /* AttributeBuilder.swift in Sources */,
				261D670F29D9DD2A0018E8F4 /* CardStackCodableTests.swift in Sources */,
			);
			runOnlyForDeploymentPostprocessing = 0;
		};
/* End PBXSourcesBuildPhase section */

/* Begin PBXTargetDependency section */
		2699EF1029D93AD10030ACCD /* PBXTargetDependency */ = {
			isa = PBXTargetDependency;
			target = 2699EEFC29D93AD00030ACCD /* CardApp */;
			targetProxy = 2699EF0F29D93AD10030ACCD /* PBXContainerItemProxy */;
		};
/* End PBXTargetDependency section */

/* Begin XCBuildConfiguration section */
		2699EF2029D93AD10030ACCD /* Debug */ = {
			isa = XCBuildConfiguration;
			buildSettings = {
				ALWAYS_SEARCH_USER_PATHS = NO;
				CLANG_ANALYZER_NONNULL = YES;
				CLANG_ANALYZER_NUMBER_OBJECT_CONVERSION = YES_AGGRESSIVE;
				CLANG_CXX_LANGUAGE_STANDARD = "gnu++20";
				CLANG_ENABLE_MODULES = YES;
				CLANG_ENABLE_OBJC_ARC = YES;
				CLANG_ENABLE_OBJC_WEAK = YES;
				CLANG_WARN_BLOCK_CAPTURE_AUTORELEASING = YES;
				CLANG_WARN_BOOL_CONVERSION = YES;
				CLANG_WARN_COMMA = YES;
				CLANG_WARN_CONSTANT_CONVERSION = YES;
				CLANG_WARN_DEPRECATED_OBJC_IMPLEMENTATIONS = YES;
				CLANG_WARN_DIRECT_OBJC_ISA_USAGE = YES_ERROR;
				CLANG_WARN_DOCUMENTATION_COMMENTS = YES;
				CLANG_WARN_EMPTY_BODY = YES;
				CLANG_WARN_ENUM_CONVERSION = YES;
				CLANG_WARN_INFINITE_RECURSION = YES;
				CLANG_WARN_INT_CONVERSION = YES;
				CLANG_WARN_NON_LITERAL_NULL_CONVERSION = YES;
				CLANG_WARN_OBJC_IMPLICIT_RETAIN_SELF = YES;
				CLANG_WARN_OBJC_LITERAL_CONVERSION = YES;
				CLANG_WARN_OBJC_ROOT_CLASS = YES_ERROR;
				CLANG_WARN_QUOTED_INCLUDE_IN_FRAMEWORK_HEADER = YES;
				CLANG_WARN_RANGE_LOOP_ANALYSIS = YES;
				CLANG_WARN_STRICT_PROTOTYPES = YES;
				CLANG_WARN_SUSPICIOUS_MOVE = YES;
				CLANG_WARN_UNGUARDED_AVAILABILITY = YES_AGGRESSIVE;
				CLANG_WARN_UNREACHABLE_CODE = YES;
				CLANG_WARN__DUPLICATE_METHOD_MATCH = YES;
				COPY_PHASE_STRIP = NO;
				DEBUG_INFORMATION_FORMAT = dwarf;
				ENABLE_STRICT_OBJC_MSGSEND = YES;
				ENABLE_TESTABILITY = YES;
				GCC_C_LANGUAGE_STANDARD = gnu11;
				GCC_DYNAMIC_NO_PIC = NO;
				GCC_NO_COMMON_BLOCKS = YES;
				GCC_OPTIMIZATION_LEVEL = 0;
				GCC_PREPROCESSOR_DEFINITIONS = (
					"DEBUG=1",
					"$(inherited)",
				);
				GCC_WARN_64_TO_32_BIT_CONVERSION = YES;
				GCC_WARN_ABOUT_RETURN_TYPE = YES_ERROR;
				GCC_WARN_UNDECLARED_SELECTOR = YES;
				GCC_WARN_UNINITIALIZED_AUTOS = YES_AGGRESSIVE;
				GCC_WARN_UNUSED_FUNCTION = YES;
				GCC_WARN_UNUSED_VARIABLE = YES;
				MTL_ENABLE_DEBUG_INFO = INCLUDE_SOURCE;
				MTL_FAST_MATH = YES;
				ONLY_ACTIVE_ARCH = YES;
				SWIFT_ACTIVE_COMPILATION_CONDITIONS = DEBUG;
				SWIFT_OPTIMIZATION_LEVEL = "-Onone";
			};
			name = Debug;
		};
		2699EF2129D93AD10030ACCD /* Release */ = {
			isa = XCBuildConfiguration;
			buildSettings = {
				ALWAYS_SEARCH_USER_PATHS = NO;
				CLANG_ANALYZER_NONNULL = YES;
				CLANG_ANALYZER_NUMBER_OBJECT_CONVERSION = YES_AGGRESSIVE;
				CLANG_CXX_LANGUAGE_STANDARD = "gnu++20";
				CLANG_ENABLE_MODULES = YES;
				CLANG_ENABLE_OBJC_ARC = YES;
				CLANG_ENABLE_OBJC_WEAK = YES;
				CLANG_WARN_BLOCK_CAPTURE_AUTORELEASING = YES;
				CLANG_WARN_BOOL_CONVERSION = YES;
				CLANG_WARN_COMMA = YES;
				CLANG_WARN_CONSTANT_CONVERSION = YES;
				CLANG_WARN_DEPRECATED_OBJC_IMPLEMENTATIONS = YES;
				CLANG_WARN_DIRECT_OBJC_ISA_USAGE = YES_ERROR;
				CLANG_WARN_DOCUMENTATION_COMMENTS = YES;
				CLANG_WARN_EMPTY_BODY = YES;
				CLANG_WARN_ENUM_CONVERSION = YES;
				CLANG_WARN_INFINITE_RECURSION = YES;
				CLANG_WARN_INT_CONVERSION = YES;
				CLANG_WARN_NON_LITERAL_NULL_CONVERSION = YES;
				CLANG_WARN_OBJC_IMPLICIT_RETAIN_SELF = YES;
				CLANG_WARN_OBJC_LITERAL_CONVERSION = YES;
				CLANG_WARN_OBJC_ROOT_CLASS = YES_ERROR;
				CLANG_WARN_QUOTED_INCLUDE_IN_FRAMEWORK_HEADER = YES;
				CLANG_WARN_RANGE_LOOP_ANALYSIS = YES;
				CLANG_WARN_STRICT_PROTOTYPES = YES;
				CLANG_WARN_SUSPICIOUS_MOVE = YES;
				CLANG_WARN_UNGUARDED_AVAILABILITY = YES_AGGRESSIVE;
				CLANG_WARN_UNREACHABLE_CODE = YES;
				CLANG_WARN__DUPLICATE_METHOD_MATCH = YES;
				COPY_PHASE_STRIP = NO;
				DEBUG_INFORMATION_FORMAT = "dwarf-with-dsym";
				ENABLE_NS_ASSERTIONS = NO;
				ENABLE_STRICT_OBJC_MSGSEND = YES;
				GCC_C_LANGUAGE_STANDARD = gnu11;
				GCC_NO_COMMON_BLOCKS = YES;
				GCC_WARN_64_TO_32_BIT_CONVERSION = YES;
				GCC_WARN_ABOUT_RETURN_TYPE = YES_ERROR;
				GCC_WARN_UNDECLARED_SELECTOR = YES;
				GCC_WARN_UNINITIALIZED_AUTOS = YES_AGGRESSIVE;
				GCC_WARN_UNUSED_FUNCTION = YES;
				GCC_WARN_UNUSED_VARIABLE = YES;
				MTL_ENABLE_DEBUG_INFO = NO;
				MTL_FAST_MATH = YES;
				SWIFT_COMPILATION_MODE = wholemodule;
				SWIFT_OPTIMIZATION_LEVEL = "-O";
			};
			name = Release;
		};
		2699EF2329D93AD10030ACCD /* Debug */ = {
			isa = XCBuildConfiguration;
			buildSettings = {
				ASSETCATALOG_COMPILER_APPICON_NAME = AppIcon;
				ASSETCATALOG_COMPILER_GLOBAL_ACCENT_COLOR_NAME = AccentColor;
				CODE_SIGN_ENTITLEMENTS = CardApp/CardApp.entitlements;
				CODE_SIGN_STYLE = Automatic;
				CURRENT_PROJECT_VERSION = 1;
				DEVELOPMENT_ASSET_PATHS = "\"CardApp/Preview Content\"";
				DEVELOPMENT_TEAM = "";
				ENABLE_PREVIEWS = YES;
				GENERATE_INFOPLIST_FILE = YES;
				INFOPLIST_KEY_CFBundleDisplayName = "WildWest Online";
				"INFOPLIST_KEY_UIApplicationSceneManifest_Generation[sdk=iphoneos*]" = YES;
				"INFOPLIST_KEY_UIApplicationSceneManifest_Generation[sdk=iphonesimulator*]" = YES;
				"INFOPLIST_KEY_UIApplicationSupportsIndirectInputEvents[sdk=iphoneos*]" = YES;
				"INFOPLIST_KEY_UIApplicationSupportsIndirectInputEvents[sdk=iphonesimulator*]" = YES;
				"INFOPLIST_KEY_UILaunchScreen_Generation[sdk=iphoneos*]" = YES;
				"INFOPLIST_KEY_UILaunchScreen_Generation[sdk=iphonesimulator*]" = YES;
				"INFOPLIST_KEY_UIStatusBarStyle[sdk=iphoneos*]" = UIStatusBarStyleDefault;
				"INFOPLIST_KEY_UIStatusBarStyle[sdk=iphonesimulator*]" = UIStatusBarStyleDefault;
				INFOPLIST_KEY_UISupportedInterfaceOrientations_iPad = "UIInterfaceOrientationPortrait UIInterfaceOrientationPortraitUpsideDown UIInterfaceOrientationLandscapeLeft UIInterfaceOrientationLandscapeRight";
				INFOPLIST_KEY_UISupportedInterfaceOrientations_iPhone = "UIInterfaceOrientationPortrait UIInterfaceOrientationLandscapeLeft UIInterfaceOrientationLandscapeRight";
				IPHONEOS_DEPLOYMENT_TARGET = 15.0;
				LD_RUNPATH_SEARCH_PATHS = "@executable_path/Frameworks";
				"LD_RUNPATH_SEARCH_PATHS[sdk=macosx*]" = "@executable_path/../Frameworks";
				MACOSX_DEPLOYMENT_TARGET = 13.1;
				MARKETING_VERSION = 1.0;
				PRODUCT_BUNDLE_IDENTIFIER = com.creativegames.cardApp;
				PRODUCT_NAME = "$(TARGET_NAME)";
				SDKROOT = auto;
				SUPPORTED_PLATFORMS = "iphoneos iphonesimulator macosx";
				SWIFT_EMIT_LOC_STRINGS = YES;
				SWIFT_VERSION = 5.0;
				TARGETED_DEVICE_FAMILY = "1,2";
			};
			name = Debug;
		};
		2699EF2429D93AD10030ACCD /* Release */ = {
			isa = XCBuildConfiguration;
			buildSettings = {
				ASSETCATALOG_COMPILER_APPICON_NAME = AppIcon;
				ASSETCATALOG_COMPILER_GLOBAL_ACCENT_COLOR_NAME = AccentColor;
				CODE_SIGN_ENTITLEMENTS = CardApp/CardApp.entitlements;
				CODE_SIGN_STYLE = Automatic;
				CURRENT_PROJECT_VERSION = 1;
				DEVELOPMENT_ASSET_PATHS = "\"CardApp/Preview Content\"";
				DEVELOPMENT_TEAM = "";
				ENABLE_PREVIEWS = YES;
				GENERATE_INFOPLIST_FILE = YES;
				INFOPLIST_KEY_CFBundleDisplayName = "WildWest Online";
				"INFOPLIST_KEY_UIApplicationSceneManifest_Generation[sdk=iphoneos*]" = YES;
				"INFOPLIST_KEY_UIApplicationSceneManifest_Generation[sdk=iphonesimulator*]" = YES;
				"INFOPLIST_KEY_UIApplicationSupportsIndirectInputEvents[sdk=iphoneos*]" = YES;
				"INFOPLIST_KEY_UIApplicationSupportsIndirectInputEvents[sdk=iphonesimulator*]" = YES;
				"INFOPLIST_KEY_UILaunchScreen_Generation[sdk=iphoneos*]" = YES;
				"INFOPLIST_KEY_UILaunchScreen_Generation[sdk=iphonesimulator*]" = YES;
				"INFOPLIST_KEY_UIStatusBarStyle[sdk=iphoneos*]" = UIStatusBarStyleDefault;
				"INFOPLIST_KEY_UIStatusBarStyle[sdk=iphonesimulator*]" = UIStatusBarStyleDefault;
				INFOPLIST_KEY_UISupportedInterfaceOrientations_iPad = "UIInterfaceOrientationPortrait UIInterfaceOrientationPortraitUpsideDown UIInterfaceOrientationLandscapeLeft UIInterfaceOrientationLandscapeRight";
				INFOPLIST_KEY_UISupportedInterfaceOrientations_iPhone = "UIInterfaceOrientationPortrait UIInterfaceOrientationLandscapeLeft UIInterfaceOrientationLandscapeRight";
				IPHONEOS_DEPLOYMENT_TARGET = 15.0;
				LD_RUNPATH_SEARCH_PATHS = "@executable_path/Frameworks";
				"LD_RUNPATH_SEARCH_PATHS[sdk=macosx*]" = "@executable_path/../Frameworks";
				MACOSX_DEPLOYMENT_TARGET = 13.1;
				MARKETING_VERSION = 1.0;
				PRODUCT_BUNDLE_IDENTIFIER = com.creativegames.cardApp;
				PRODUCT_NAME = "$(TARGET_NAME)";
				SDKROOT = auto;
				SUPPORTED_PLATFORMS = "iphoneos iphonesimulator macosx";
				SWIFT_EMIT_LOC_STRINGS = YES;
				SWIFT_VERSION = 5.0;
				TARGETED_DEVICE_FAMILY = "1,2";
			};
			name = Release;
		};
		2699EF2629D93AD10030ACCD /* Debug */ = {
			isa = XCBuildConfiguration;
			buildSettings = {
				ALWAYS_EMBED_SWIFT_STANDARD_LIBRARIES = YES;
				CODE_SIGN_STYLE = Automatic;
				CURRENT_PROJECT_VERSION = 1;
				GENERATE_INFOPLIST_FILE = YES;
				IPHONEOS_DEPLOYMENT_TARGET = 15.0;
				MACOSX_DEPLOYMENT_TARGET = 13.1;
				MARKETING_VERSION = 1.0;
				PRODUCT_BUNDLE_IDENTIFIER = com.creativegames.CardAppTests;
				PRODUCT_NAME = "$(TARGET_NAME)";
				SDKROOT = auto;
				SUPPORTED_PLATFORMS = "iphoneos iphonesimulator macosx";
				SWIFT_EMIT_LOC_STRINGS = NO;
				SWIFT_VERSION = 5.0;
				TARGETED_DEVICE_FAMILY = "1,2";
			};
			name = Debug;
		};
		2699EF2729D93AD10030ACCD /* Release */ = {
			isa = XCBuildConfiguration;
			buildSettings = {
				ALWAYS_EMBED_SWIFT_STANDARD_LIBRARIES = YES;
				CODE_SIGN_STYLE = Automatic;
				CURRENT_PROJECT_VERSION = 1;
				GENERATE_INFOPLIST_FILE = YES;
				IPHONEOS_DEPLOYMENT_TARGET = 15.0;
				MACOSX_DEPLOYMENT_TARGET = 13.1;
				MARKETING_VERSION = 1.0;
				PRODUCT_BUNDLE_IDENTIFIER = com.creativegames.CardAppTests;
				PRODUCT_NAME = "$(TARGET_NAME)";
				SDKROOT = auto;
				SUPPORTED_PLATFORMS = "iphoneos iphonesimulator macosx";
				SWIFT_EMIT_LOC_STRINGS = NO;
				SWIFT_VERSION = 5.0;
				TARGETED_DEVICE_FAMILY = "1,2";
			};
			name = Release;
		};
/* End XCBuildConfiguration section */

/* Begin XCConfigurationList section */
		2699EEF829D93AD00030ACCD /* Build configuration list for PBXProject "CardApp" */ = {
			isa = XCConfigurationList;
			buildConfigurations = (
				2699EF2029D93AD10030ACCD /* Debug */,
				2699EF2129D93AD10030ACCD /* Release */,
			);
			defaultConfigurationIsVisible = 0;
			defaultConfigurationName = Release;
		};
		2699EF2229D93AD10030ACCD /* Build configuration list for PBXNativeTarget "CardApp" */ = {
			isa = XCConfigurationList;
			buildConfigurations = (
				2699EF2329D93AD10030ACCD /* Debug */,
				2699EF2429D93AD10030ACCD /* Release */,
			);
			defaultConfigurationIsVisible = 0;
			defaultConfigurationName = Release;
		};
		2699EF2529D93AD10030ACCD /* Build configuration list for PBXNativeTarget "CardAppTests" */ = {
			isa = XCConfigurationList;
			buildConfigurations = (
				2699EF2629D93AD10030ACCD /* Debug */,
				2699EF2729D93AD10030ACCD /* Release */,
			);
			defaultConfigurationIsVisible = 0;
			defaultConfigurationName = Release;
		};
/* End XCConfigurationList section */
	};
	rootObject = 2699EEF529D93AD00030ACCD /* Project object */;
}
