// !$*UTF8*$!
{
	archiveVersion = 1;
	classes = {
	};
	objectVersion = 56;
	objects = {

/* Begin PBXBuildFile section */
		2699EF0129D93AD00030ACCD /* ReduxGameDSLApp.swift in Sources */ = {isa = PBXBuildFile; fileRef = 2699EF0029D93AD00030ACCD /* ReduxGameDSLApp.swift */; };
		2699EF0329D93AD00030ACCD /* ContentView.swift in Sources */ = {isa = PBXBuildFile; fileRef = 2699EF0229D93AD00030ACCD /* ContentView.swift */; };
		2699EF0529D93AD10030ACCD /* Assets.xcassets in Resources */ = {isa = PBXBuildFile; fileRef = 2699EF0429D93AD10030ACCD /* Assets.xcassets */; };
		2699EF0929D93AD10030ACCD /* Preview Assets.xcassets in Resources */ = {isa = PBXBuildFile; fileRef = 2699EF0829D93AD10030ACCD /* Preview Assets.xcassets */; };
		2699EF1329D93AD10030ACCD /* ReduxGameDSLTests.swift in Sources */ = {isa = PBXBuildFile; fileRef = 2699EF1229D93AD10030ACCD /* ReduxGameDSLTests.swift */; };
		2699EF3029D93EB50030ACCD /* Store.swift in Sources */ = {isa = PBXBuildFile; fileRef = 2699EF2F29D93EB50030ACCD /* Store.swift */; };
		2699EF3329D93EC30030ACCD /* GameState.swift in Sources */ = {isa = PBXBuildFile; fileRef = 2699EF3129D93EC30030ACCD /* GameState.swift */; };
		2699EF3429D93EC30030ACCD /* AppState.swift in Sources */ = {isa = PBXBuildFile; fileRef = 2699EF3229D93EC30030ACCD /* AppState.swift */; };
		2699EF3829D93ECF0030ACCD /* Card.swift in Sources */ = {isa = PBXBuildFile; fileRef = 2699EF3529D93ECF0030ACCD /* Card.swift */; };
		2699EF3929D93ECF0030ACCD /* Player.swift in Sources */ = {isa = PBXBuildFile; fileRef = 2699EF3629D93ECF0030ACCD /* Player.swift */; };
		2699EF3A29D93ECF0030ACCD /* Game.swift in Sources */ = {isa = PBXBuildFile; fileRef = 2699EF3729D93ECF0030ACCD /* Game.swift */; };
		2699EF3B29D93FED0030ACCD /* Store.swift in Sources */ = {isa = PBXBuildFile; fileRef = 2699EF2F29D93EB50030ACCD /* Store.swift */; };
		2699EF3C29D93FFE0030ACCD /* AppState.swift in Sources */ = {isa = PBXBuildFile; fileRef = 2699EF3229D93EC30030ACCD /* AppState.swift */; };
		2699EF3D29D940010030ACCD /* GameState.swift in Sources */ = {isa = PBXBuildFile; fileRef = 2699EF3129D93EC30030ACCD /* GameState.swift */; };
		2699EF3E29D940100030ACCD /* Player.swift in Sources */ = {isa = PBXBuildFile; fileRef = 2699EF3629D93ECF0030ACCD /* Player.swift */; };
		2699EF3F29D940100030ACCD /* Card.swift in Sources */ = {isa = PBXBuildFile; fileRef = 2699EF3529D93ECF0030ACCD /* Card.swift */; };
		2699EF4029D940100030ACCD /* Game.swift in Sources */ = {isa = PBXBuildFile; fileRef = 2699EF3729D93ECF0030ACCD /* Game.swift */; };
		26E4AA9A29D9417000631D1F /* CardAppStore.swift in Sources */ = {isa = PBXBuildFile; fileRef = 26E4AA9929D9417000631D1F /* CardAppStore.swift */; };
		26E4AA9B29D9419F00631D1F /* CardAppStore.swift in Sources */ = {isa = PBXBuildFile; fileRef = 26E4AA9929D9417000631D1F /* CardAppStore.swift */; };
/* End PBXBuildFile section */

/* Begin PBXContainerItemProxy section */
		2699EF0F29D93AD10030ACCD /* PBXContainerItemProxy */ = {
			isa = PBXContainerItemProxy;
			containerPortal = 2699EEF529D93AD00030ACCD /* Project object */;
			proxyType = 1;
			remoteGlobalIDString = 2699EEFC29D93AD00030ACCD;
			remoteInfo = ReduxGameDSL;
		};
/* End PBXContainerItemProxy section */

/* Begin PBXFileReference section */
		2699EEFD29D93AD00030ACCD /* ReduxGameDSL.app */ = {isa = PBXFileReference; explicitFileType = wrapper.application; includeInIndex = 0; path = ReduxGameDSL.app; sourceTree = BUILT_PRODUCTS_DIR; };
		2699EF0029D93AD00030ACCD /* ReduxGameDSLApp.swift */ = {isa = PBXFileReference; lastKnownFileType = sourcecode.swift; path = ReduxGameDSLApp.swift; sourceTree = "<group>"; };
		2699EF0229D93AD00030ACCD /* ContentView.swift */ = {isa = PBXFileReference; lastKnownFileType = sourcecode.swift; path = ContentView.swift; sourceTree = "<group>"; };
		2699EF0429D93AD10030ACCD /* Assets.xcassets */ = {isa = PBXFileReference; lastKnownFileType = folder.assetcatalog; path = Assets.xcassets; sourceTree = "<group>"; };
		2699EF0629D93AD10030ACCD /* ReduxGameDSL.entitlements */ = {isa = PBXFileReference; lastKnownFileType = text.plist.entitlements; path = ReduxGameDSL.entitlements; sourceTree = "<group>"; };
		2699EF0829D93AD10030ACCD /* Preview Assets.xcassets */ = {isa = PBXFileReference; lastKnownFileType = folder.assetcatalog; path = "Preview Assets.xcassets"; sourceTree = "<group>"; };
		2699EF0E29D93AD10030ACCD /* ReduxGameDSLTests.xctest */ = {isa = PBXFileReference; explicitFileType = wrapper.cfbundle; includeInIndex = 0; path = ReduxGameDSLTests.xctest; sourceTree = BUILT_PRODUCTS_DIR; };
		2699EF1229D93AD10030ACCD /* ReduxGameDSLTests.swift */ = {isa = PBXFileReference; lastKnownFileType = sourcecode.swift; path = ReduxGameDSLTests.swift; sourceTree = "<group>"; };
		2699EF2F29D93EB50030ACCD /* Store.swift */ = {isa = PBXFileReference; fileEncoding = 4; lastKnownFileType = sourcecode.swift; path = Store.swift; sourceTree = "<group>"; };
		2699EF3129D93EC30030ACCD /* GameState.swift */ = {isa = PBXFileReference; fileEncoding = 4; lastKnownFileType = sourcecode.swift; path = GameState.swift; sourceTree = "<group>"; };
		2699EF3229D93EC30030ACCD /* AppState.swift */ = {isa = PBXFileReference; fileEncoding = 4; lastKnownFileType = sourcecode.swift; path = AppState.swift; sourceTree = "<group>"; };
		2699EF3529D93ECF0030ACCD /* Card.swift */ = {isa = PBXFileReference; fileEncoding = 4; lastKnownFileType = sourcecode.swift; path = Card.swift; sourceTree = "<group>"; };
		2699EF3629D93ECF0030ACCD /* Player.swift */ = {isa = PBXFileReference; fileEncoding = 4; lastKnownFileType = sourcecode.swift; path = Player.swift; sourceTree = "<group>"; };
		2699EF3729D93ECF0030ACCD /* Game.swift */ = {isa = PBXFileReference; fileEncoding = 4; lastKnownFileType = sourcecode.swift; path = Game.swift; sourceTree = "<group>"; };
		26E4AA9929D9417000631D1F /* CardAppStore.swift */ = {isa = PBXFileReference; lastKnownFileType = sourcecode.swift; path = CardAppStore.swift; sourceTree = "<group>"; };
/* End PBXFileReference section */

/* Begin PBXFrameworksBuildPhase section */
		2699EEFA29D93AD00030ACCD /* Frameworks */ = {
			isa = PBXFrameworksBuildPhase;
			buildActionMask = 2147483647;
			files = (
			);
			runOnlyForDeploymentPostprocessing = 0;
		};
		2699EF0B29D93AD10030ACCD /* Frameworks */ = {
			isa = PBXFrameworksBuildPhase;
			buildActionMask = 2147483647;
			files = (
			);
			runOnlyForDeploymentPostprocessing = 0;
		};
/* End PBXFrameworksBuildPhase section */

/* Begin PBXGroup section */
		2699EEF429D93AD00030ACCD = {
			isa = PBXGroup;
			children = (
				2699EEFF29D93AD00030ACCD /* ReduxGameDSL */,
				2699EF1129D93AD10030ACCD /* ReduxGameDSLTests */,
				2699EEFE29D93AD00030ACCD /* Products */,
			);
			sourceTree = "<group>";
		};
		2699EEFE29D93AD00030ACCD /* Products */ = {
			isa = PBXGroup;
			children = (
				2699EEFD29D93AD00030ACCD /* ReduxGameDSL.app */,
				2699EF0E29D93AD10030ACCD /* ReduxGameDSLTests.xctest */,
			);
			name = Products;
			sourceTree = "<group>";
		};
		2699EEFF29D93AD00030ACCD /* ReduxGameDSL */ = {
			isa = PBXGroup;
			children = (
				2699EF2E29D93E9C0030ACCD /* App */,
				2699EF2D29D93E920030ACCD /* Modules */,
				2699EF2C29D93E8B0030ACCD /* Models */,
				2699EF0429D93AD10030ACCD /* Assets.xcassets */,
				2699EF0629D93AD10030ACCD /* ReduxGameDSL.entitlements */,
				2699EF0729D93AD10030ACCD /* Preview Content */,
			);
			path = ReduxGameDSL;
			sourceTree = "<group>";
		};
		2699EF0729D93AD10030ACCD /* Preview Content */ = {
			isa = PBXGroup;
			children = (
				2699EF0829D93AD10030ACCD /* Preview Assets.xcassets */,
			);
			path = "Preview Content";
			sourceTree = "<group>";
		};
		2699EF1129D93AD10030ACCD /* ReduxGameDSLTests */ = {
			isa = PBXGroup;
			children = (
				2699EF1229D93AD10030ACCD /* ReduxGameDSLTests.swift */,
			);
			path = ReduxGameDSLTests;
			sourceTree = "<group>";
		};
		2699EF2C29D93E8B0030ACCD /* Models */ = {
			isa = PBXGroup;
			children = (
				2699EF3529D93ECF0030ACCD /* Card.swift */,
				2699EF3729D93ECF0030ACCD /* Game.swift */,
				2699EF3629D93ECF0030ACCD /* Player.swift */,
			);
			path = Models;
			sourceTree = "<group>";
		};
		2699EF2D29D93E920030ACCD /* Modules */ = {
			isa = PBXGroup;
			children = (
				2699EF3229D93EC30030ACCD /* AppState.swift */,
				2699EF3129D93EC30030ACCD /* GameState.swift */,
			);
			path = Modules;
			sourceTree = "<group>";
		};
		2699EF2E29D93E9C0030ACCD /* App */ = {
			isa = PBXGroup;
			children = (
				2699EF0029D93AD00030ACCD /* ReduxGameDSLApp.swift */,
				2699EF0229D93AD00030ACCD /* ContentView.swift */,
				2699EF2F29D93EB50030ACCD /* Store.swift */,
				26E4AA9929D9417000631D1F /* CardAppStore.swift */,
			);
			path = App;
			sourceTree = "<group>";
		};
/* End PBXGroup section */

/* Begin PBXNativeTarget section */
		2699EEFC29D93AD00030ACCD /* ReduxGameDSL */ = {
			isa = PBXNativeTarget;
			buildConfigurationList = 2699EF2229D93AD10030ACCD /* Build configuration list for PBXNativeTarget "ReduxGameDSL" */;
			buildPhases = (
				2699EF2B29D93B4B0030ACCD /* Run SwiftLint */,
				2699EEF929D93AD00030ACCD /* Sources */,
				2699EEFA29D93AD00030ACCD /* Frameworks */,
				2699EEFB29D93AD00030ACCD /* Resources */,
			);
			buildRules = (
			);
			dependencies = (
			);
			name = ReduxGameDSL;
			productName = ReduxGameDSL;
			productReference = 2699EEFD29D93AD00030ACCD /* ReduxGameDSL.app */;
			productType = "com.apple.product-type.application";
		};
		2699EF0D29D93AD10030ACCD /* ReduxGameDSLTests */ = {
			isa = PBXNativeTarget;
			buildConfigurationList = 2699EF2529D93AD10030ACCD /* Build configuration list for PBXNativeTarget "ReduxGameDSLTests" */;
			buildPhases = (
				2699EF0A29D93AD10030ACCD /* Sources */,
				2699EF0B29D93AD10030ACCD /* Frameworks */,
				2699EF0C29D93AD10030ACCD /* Resources */,
			);
			buildRules = (
			);
			dependencies = (
				2699EF1029D93AD10030ACCD /* PBXTargetDependency */,
			);
			name = ReduxGameDSLTests;
			productName = ReduxGameDSLTests;
			productReference = 2699EF0E29D93AD10030ACCD /* ReduxGameDSLTests.xctest */;
			productType = "com.apple.product-type.bundle.unit-test";
		};
/* End PBXNativeTarget section */

/* Begin PBXProject section */
		2699EEF529D93AD00030ACCD /* Project object */ = {
			isa = PBXProject;
			attributes = {
				BuildIndependentTargetsInParallel = 1;
				LastSwiftUpdateCheck = 1420;
				LastUpgradeCheck = 1420;
				TargetAttributes = {
					2699EEFC29D93AD00030ACCD = {
						CreatedOnToolsVersion = 14.2;
					};
					2699EF0D29D93AD10030ACCD = {
						CreatedOnToolsVersion = 14.2;
					};
				};
			};
			buildConfigurationList = 2699EEF829D93AD00030ACCD /* Build configuration list for PBXProject "ReduxGameDSL" */;
			compatibilityVersion = "Xcode 14.0";
			developmentRegion = en;
			hasScannedForEncodings = 0;
			knownRegions = (
				en,
				Base,
			);
			mainGroup = 2699EEF429D93AD00030ACCD;
			productRefGroup = 2699EEFE29D93AD00030ACCD /* Products */;
			projectDirPath = "";
			projectRoot = "";
			targets = (
				2699EEFC29D93AD00030ACCD /* ReduxGameDSL */,
				2699EF0D29D93AD10030ACCD /* ReduxGameDSLTests */,
			);
		};
/* End PBXProject section */

/* Begin PBXResourcesBuildPhase section */
		2699EEFB29D93AD00030ACCD /* Resources */ = {
			isa = PBXResourcesBuildPhase;
			buildActionMask = 2147483647;
			files = (
				2699EF0929D93AD10030ACCD /* Preview Assets.xcassets in Resources */,
				2699EF0529D93AD10030ACCD /* Assets.xcassets in Resources */,
			);
			runOnlyForDeploymentPostprocessing = 0;
		};
		2699EF0C29D93AD10030ACCD /* Resources */ = {
			isa = PBXResourcesBuildPhase;
			buildActionMask = 2147483647;
			files = (
			);
			runOnlyForDeploymentPostprocessing = 0;
		};
/* End PBXResourcesBuildPhase section */

/* Begin PBXShellScriptBuildPhase section */
		2699EF2B29D93B4B0030ACCD /* Run SwiftLint */ = {
			isa = PBXShellScriptBuildPhase;
			alwaysOutOfDate = 1;
			buildActionMask = 2147483647;
			files = (
			);
			inputFileListPaths = (
			);
			inputPaths = (
			);
			name = "Run SwiftLint";
			outputFileListPaths = (
			);
			outputPaths = (
			);
			runOnlyForDeploymentPostprocessing = 0;
			shellPath = /bin/sh;
			shellScript = "export PATH=\"$PATH:/opt/homebrew/bin\"\nif which swiftlint > /dev/null; then\n  swiftlint\nelse\n  echo \"warning: SwiftLint not installed, download from https://github.com/realm/SwiftLint\"\nfi\n";
		};
/* End PBXShellScriptBuildPhase section */

/* Begin PBXSourcesBuildPhase section */
		2699EEF929D93AD00030ACCD /* Sources */ = {
			isa = PBXSourcesBuildPhase;
			buildActionMask = 2147483647;
			files = (
				2699EF3029D93EB50030ACCD /* Store.swift in Sources */,
				26E4AA9A29D9417000631D1F /* CardAppStore.swift in Sources */,
				2699EF3829D93ECF0030ACCD /* Card.swift in Sources */,
				2699EF3429D93EC30030ACCD /* AppState.swift in Sources */,
				2699EF3329D93EC30030ACCD /* GameState.swift in Sources */,
				2699EF3929D93ECF0030ACCD /* Player.swift in Sources */,
				2699EF0329D93AD00030ACCD /* ContentView.swift in Sources */,
				2699EF0129D93AD00030ACCD /* ReduxGameDSLApp.swift in Sources */,
				2699EF3A29D93ECF0030ACCD /* Game.swift in Sources */,
			);
			runOnlyForDeploymentPostprocessing = 0;
		};
		2699EF0A29D93AD10030ACCD /* Sources */ = {
			isa = PBXSourcesBuildPhase;
			buildActionMask = 2147483647;
			files = (
				2699EF3C29D93FFE0030ACCD /* AppState.swift in Sources */,
				2699EF3F29D940100030ACCD /* Card.swift in Sources */,
				2699EF4029D940100030ACCD /* Game.swift in Sources */,
				2699EF3D29D940010030ACCD /* GameState.swift in Sources */,
				2699EF1329D93AD10030ACCD /* ReduxGameDSLTests.swift in Sources */,
				26E4AA9B29D9419F00631D1F /* CardAppStore.swift in Sources */,
				2699EF3E29D940100030ACCD /* Player.swift in Sources */,
				2699EF3B29D93FED0030ACCD /* Store.swift in Sources */,
			);
			runOnlyForDeploymentPostprocessing = 0;
		};
/* End PBXSourcesBuildPhase section */

/* Begin PBXTargetDependency section */
		2699EF1029D93AD10030ACCD /* PBXTargetDependency */ = {
			isa = PBXTargetDependency;
			target = 2699EEFC29D93AD00030ACCD /* ReduxGameDSL */;
			targetProxy = 2699EF0F29D93AD10030ACCD /* PBXContainerItemProxy */;
		};
/* End PBXTargetDependency section */

/* Begin XCBuildConfiguration section */
		2699EF2029D93AD10030ACCD /* Debug */ = {
			isa = XCBuildConfiguration;
			buildSettings = {
				ALWAYS_SEARCH_USER_PATHS = NO;
				CLANG_ANALYZER_NONNULL = YES;
				CLANG_ANALYZER_NUMBER_OBJECT_CONVERSION = YES_AGGRESSIVE;
				CLANG_CXX_LANGUAGE_STANDARD = "gnu++20";
				CLANG_ENABLE_MODULES = YES;
				CLANG_ENABLE_OBJC_ARC = YES;
				CLANG_ENABLE_OBJC_WEAK = YES;
				CLANG_WARN_BLOCK_CAPTURE_AUTORELEASING = YES;
				CLANG_WARN_BOOL_CONVERSION = YES;
				CLANG_WARN_COMMA = YES;
				CLANG_WARN_CONSTANT_CONVERSION = YES;
				CLANG_WARN_DEPRECATED_OBJC_IMPLEMENTATIONS = YES;
				CLANG_WARN_DIRECT_OBJC_ISA_USAGE = YES_ERROR;
				CLANG_WARN_DOCUMENTATION_COMMENTS = YES;
				CLANG_WARN_EMPTY_BODY = YES;
				CLANG_WARN_ENUM_CONVERSION = YES;
				CLANG_WARN_INFINITE_RECURSION = YES;
				CLANG_WARN_INT_CONVERSION = YES;
				CLANG_WARN_NON_LITERAL_NULL_CONVERSION = YES;
				CLANG_WARN_OBJC_IMPLICIT_RETAIN_SELF = YES;
				CLANG_WARN_OBJC_LITERAL_CONVERSION = YES;
				CLANG_WARN_OBJC_ROOT_CLASS = YES_ERROR;
				CLANG_WARN_QUOTED_INCLUDE_IN_FRAMEWORK_HEADER = YES;
				CLANG_WARN_RANGE_LOOP_ANALYSIS = YES;
				CLANG_WARN_STRICT_PROTOTYPES = YES;
				CLANG_WARN_SUSPICIOUS_MOVE = YES;
				CLANG_WARN_UNGUARDED_AVAILABILITY = YES_AGGRESSIVE;
				CLANG_WARN_UNREACHABLE_CODE = YES;
				CLANG_WARN__DUPLICATE_METHOD_MATCH = YES;
				COPY_PHASE_STRIP = NO;
				DEBUG_INFORMATION_FORMAT = dwarf;
				ENABLE_STRICT_OBJC_MSGSEND = YES;
				ENABLE_TESTABILITY = YES;
				GCC_C_LANGUAGE_STANDARD = gnu11;
				GCC_DYNAMIC_NO_PIC = NO;
				GCC_NO_COMMON_BLOCKS = YES;
				GCC_OPTIMIZATION_LEVEL = 0;
				GCC_PREPROCESSOR_DEFINITIONS = (
					"DEBUG=1",
					"$(inherited)",
				);
				GCC_WARN_64_TO_32_BIT_CONVERSION = YES;
				GCC_WARN_ABOUT_RETURN_TYPE = YES_ERROR;
				GCC_WARN_UNDECLARED_SELECTOR = YES;
				GCC_WARN_UNINITIALIZED_AUTOS = YES_AGGRESSIVE;
				GCC_WARN_UNUSED_FUNCTION = YES;
				GCC_WARN_UNUSED_VARIABLE = YES;
				MTL_ENABLE_DEBUG_INFO = INCLUDE_SOURCE;
				MTL_FAST_MATH = YES;
				ONLY_ACTIVE_ARCH = YES;
				SWIFT_ACTIVE_COMPILATION_CONDITIONS = DEBUG;
				SWIFT_OPTIMIZATION_LEVEL = "-Onone";
			};
			name = Debug;
		};
		2699EF2129D93AD10030ACCD /* Release */ = {
			isa = XCBuildConfiguration;
			buildSettings = {
				ALWAYS_SEARCH_USER_PATHS = NO;
				CLANG_ANALYZER_NONNULL = YES;
				CLANG_ANALYZER_NUMBER_OBJECT_CONVERSION = YES_AGGRESSIVE;
				CLANG_CXX_LANGUAGE_STANDARD = "gnu++20";
				CLANG_ENABLE_MODULES = YES;
				CLANG_ENABLE_OBJC_ARC = YES;
				CLANG_ENABLE_OBJC_WEAK = YES;
				CLANG_WARN_BLOCK_CAPTURE_AUTORELEASING = YES;
				CLANG_WARN_BOOL_CONVERSION = YES;
				CLANG_WARN_COMMA = YES;
				CLANG_WARN_CONSTANT_CONVERSION = YES;
				CLANG_WARN_DEPRECATED_OBJC_IMPLEMENTATIONS = YES;
				CLANG_WARN_DIRECT_OBJC_ISA_USAGE = YES_ERROR;
				CLANG_WARN_DOCUMENTATION_COMMENTS = YES;
				CLANG_WARN_EMPTY_BODY = YES;
				CLANG_WARN_ENUM_CONVERSION = YES;
				CLANG_WARN_INFINITE_RECURSION = YES;
				CLANG_WARN_INT_CONVERSION = YES;
				CLANG_WARN_NON_LITERAL_NULL_CONVERSION = YES;
				CLANG_WARN_OBJC_IMPLICIT_RETAIN_SELF = YES;
				CLANG_WARN_OBJC_LITERAL_CONVERSION = YES;
				CLANG_WARN_OBJC_ROOT_CLASS = YES_ERROR;
				CLANG_WARN_QUOTED_INCLUDE_IN_FRAMEWORK_HEADER = YES;
				CLANG_WARN_RANGE_LOOP_ANALYSIS = YES;
				CLANG_WARN_STRICT_PROTOTYPES = YES;
				CLANG_WARN_SUSPICIOUS_MOVE = YES;
				CLANG_WARN_UNGUARDED_AVAILABILITY = YES_AGGRESSIVE;
				CLANG_WARN_UNREACHABLE_CODE = YES;
				CLANG_WARN__DUPLICATE_METHOD_MATCH = YES;
				COPY_PHASE_STRIP = NO;
				DEBUG_INFORMATION_FORMAT = "dwarf-with-dsym";
				ENABLE_NS_ASSERTIONS = NO;
				ENABLE_STRICT_OBJC_MSGSEND = YES;
				GCC_C_LANGUAGE_STANDARD = gnu11;
				GCC_NO_COMMON_BLOCKS = YES;
				GCC_WARN_64_TO_32_BIT_CONVERSION = YES;
				GCC_WARN_ABOUT_RETURN_TYPE = YES_ERROR;
				GCC_WARN_UNDECLARED_SELECTOR = YES;
				GCC_WARN_UNINITIALIZED_AUTOS = YES_AGGRESSIVE;
				GCC_WARN_UNUSED_FUNCTION = YES;
				GCC_WARN_UNUSED_VARIABLE = YES;
				MTL_ENABLE_DEBUG_INFO = NO;
				MTL_FAST_MATH = YES;
				SWIFT_COMPILATION_MODE = wholemodule;
				SWIFT_OPTIMIZATION_LEVEL = "-O";
			};
			name = Release;
		};
		2699EF2329D93AD10030ACCD /* Debug */ = {
			isa = XCBuildConfiguration;
			buildSettings = {
				ASSETCATALOG_COMPILER_APPICON_NAME = AppIcon;
				ASSETCATALOG_COMPILER_GLOBAL_ACCENT_COLOR_NAME = AccentColor;
				CODE_SIGN_ENTITLEMENTS = ReduxGameDSL/ReduxGameDSL.entitlements;
				CODE_SIGN_STYLE = Automatic;
				CURRENT_PROJECT_VERSION = 1;
				DEVELOPMENT_ASSET_PATHS = "\"ReduxGameDSL/Preview Content\"";
				ENABLE_PREVIEWS = YES;
				GENERATE_INFOPLIST_FILE = YES;
				"INFOPLIST_KEY_UIApplicationSceneManifest_Generation[sdk=iphoneos*]" = YES;
				"INFOPLIST_KEY_UIApplicationSceneManifest_Generation[sdk=iphonesimulator*]" = YES;
				"INFOPLIST_KEY_UIApplicationSupportsIndirectInputEvents[sdk=iphoneos*]" = YES;
				"INFOPLIST_KEY_UIApplicationSupportsIndirectInputEvents[sdk=iphonesimulator*]" = YES;
				"INFOPLIST_KEY_UILaunchScreen_Generation[sdk=iphoneos*]" = YES;
				"INFOPLIST_KEY_UILaunchScreen_Generation[sdk=iphonesimulator*]" = YES;
				"INFOPLIST_KEY_UIStatusBarStyle[sdk=iphoneos*]" = UIStatusBarStyleDefault;
				"INFOPLIST_KEY_UIStatusBarStyle[sdk=iphonesimulator*]" = UIStatusBarStyleDefault;
				INFOPLIST_KEY_UISupportedInterfaceOrientations_iPad = "UIInterfaceOrientationPortrait UIInterfaceOrientationPortraitUpsideDown UIInterfaceOrientationLandscapeLeft UIInterfaceOrientationLandscapeRight";
				INFOPLIST_KEY_UISupportedInterfaceOrientations_iPhone = "UIInterfaceOrientationPortrait UIInterfaceOrientationLandscapeLeft UIInterfaceOrientationLandscapeRight";
				IPHONEOS_DEPLOYMENT_TARGET = 13.0;
				LD_RUNPATH_SEARCH_PATHS = "@executable_path/Frameworks";
				"LD_RUNPATH_SEARCH_PATHS[sdk=macosx*]" = "@executable_path/../Frameworks";
				MACOSX_DEPLOYMENT_TARGET = 13.1;
				MARKETING_VERSION = 1.0;
				PRODUCT_BUNDLE_IDENTIFIER = com.creativegames.ReduxGameDSL;
				PRODUCT_NAME = "$(TARGET_NAME)";
				SDKROOT = auto;
				SUPPORTED_PLATFORMS = "iphoneos iphonesimulator macosx";
				SWIFT_EMIT_LOC_STRINGS = YES;
				SWIFT_VERSION = 5.0;
				TARGETED_DEVICE_FAMILY = "1,2";
			};
			name = Debug;
		};
		2699EF2429D93AD10030ACCD /* Release */ = {
			isa = XCBuildConfiguration;
			buildSettings = {
				ASSETCATALOG_COMPILER_APPICON_NAME = AppIcon;
				ASSETCATALOG_COMPILER_GLOBAL_ACCENT_COLOR_NAME = AccentColor;
				CODE_SIGN_ENTITLEMENTS = ReduxGameDSL/ReduxGameDSL.entitlements;
				CODE_SIGN_STYLE = Automatic;
				CURRENT_PROJECT_VERSION = 1;
				DEVELOPMENT_ASSET_PATHS = "\"ReduxGameDSL/Preview Content\"";
				ENABLE_PREVIEWS = YES;
				GENERATE_INFOPLIST_FILE = YES;
				"INFOPLIST_KEY_UIApplicationSceneManifest_Generation[sdk=iphoneos*]" = YES;
				"INFOPLIST_KEY_UIApplicationSceneManifest_Generation[sdk=iphonesimulator*]" = YES;
				"INFOPLIST_KEY_UIApplicationSupportsIndirectInputEvents[sdk=iphoneos*]" = YES;
				"INFOPLIST_KEY_UIApplicationSupportsIndirectInputEvents[sdk=iphonesimulator*]" = YES;
				"INFOPLIST_KEY_UILaunchScreen_Generation[sdk=iphoneos*]" = YES;
				"INFOPLIST_KEY_UILaunchScreen_Generation[sdk=iphonesimulator*]" = YES;
				"INFOPLIST_KEY_UIStatusBarStyle[sdk=iphoneos*]" = UIStatusBarStyleDefault;
				"INFOPLIST_KEY_UIStatusBarStyle[sdk=iphonesimulator*]" = UIStatusBarStyleDefault;
				INFOPLIST_KEY_UISupportedInterfaceOrientations_iPad = "UIInterfaceOrientationPortrait UIInterfaceOrientationPortraitUpsideDown UIInterfaceOrientationLandscapeLeft UIInterfaceOrientationLandscapeRight";
				INFOPLIST_KEY_UISupportedInterfaceOrientations_iPhone = "UIInterfaceOrientationPortrait UIInterfaceOrientationLandscapeLeft UIInterfaceOrientationLandscapeRight";
				IPHONEOS_DEPLOYMENT_TARGET = 13.0;
				LD_RUNPATH_SEARCH_PATHS = "@executable_path/Frameworks";
				"LD_RUNPATH_SEARCH_PATHS[sdk=macosx*]" = "@executable_path/../Frameworks";
				MACOSX_DEPLOYMENT_TARGET = 13.1;
				MARKETING_VERSION = 1.0;
				PRODUCT_BUNDLE_IDENTIFIER = com.creativegames.ReduxGameDSL;
				PRODUCT_NAME = "$(TARGET_NAME)";
				SDKROOT = auto;
				SUPPORTED_PLATFORMS = "iphoneos iphonesimulator macosx";
				SWIFT_EMIT_LOC_STRINGS = YES;
				SWIFT_VERSION = 5.0;
				TARGETED_DEVICE_FAMILY = "1,2";
			};
			name = Release;
		};
		2699EF2629D93AD10030ACCD /* Debug */ = {
			isa = XCBuildConfiguration;
			buildSettings = {
				ALWAYS_EMBED_SWIFT_STANDARD_LIBRARIES = YES;
				CODE_SIGN_STYLE = Automatic;
				CURRENT_PROJECT_VERSION = 1;
				GENERATE_INFOPLIST_FILE = YES;
				IPHONEOS_DEPLOYMENT_TARGET = 13.0;
				MACOSX_DEPLOYMENT_TARGET = 13.1;
				MARKETING_VERSION = 1.0;
				PRODUCT_BUNDLE_IDENTIFIER = com.creativegames.ReduxGameDSLTests;
				PRODUCT_NAME = "$(TARGET_NAME)";
				SDKROOT = auto;
				SUPPORTED_PLATFORMS = "iphoneos iphonesimulator macosx";
				SWIFT_EMIT_LOC_STRINGS = NO;
				SWIFT_VERSION = 5.0;
				TARGETED_DEVICE_FAMILY = "1,2";
			};
			name = Debug;
		};
		2699EF2729D93AD10030ACCD /* Release */ = {
			isa = XCBuildConfiguration;
			buildSettings = {
				ALWAYS_EMBED_SWIFT_STANDARD_LIBRARIES = YES;
				CODE_SIGN_STYLE = Automatic;
				CURRENT_PROJECT_VERSION = 1;
				GENERATE_INFOPLIST_FILE = YES;
				IPHONEOS_DEPLOYMENT_TARGET = 13.0;
				MACOSX_DEPLOYMENT_TARGET = 13.1;
				MARKETING_VERSION = 1.0;
				PRODUCT_BUNDLE_IDENTIFIER = com.creativegames.ReduxGameDSLTests;
				PRODUCT_NAME = "$(TARGET_NAME)";
				SDKROOT = auto;
				SUPPORTED_PLATFORMS = "iphoneos iphonesimulator macosx";
				SWIFT_EMIT_LOC_STRINGS = NO;
				SWIFT_VERSION = 5.0;
				TARGETED_DEVICE_FAMILY = "1,2";
			};
			name = Release;
		};
/* End XCBuildConfiguration section */

/* Begin XCConfigurationList section */
		2699EEF829D93AD00030ACCD /* Build configuration list for PBXProject "ReduxGameDSL" */ = {
			isa = XCConfigurationList;
			buildConfigurations = (
				2699EF2029D93AD10030ACCD /* Debug */,
				2699EF2129D93AD10030ACCD /* Release */,
			);
			defaultConfigurationIsVisible = 0;
			defaultConfigurationName = Release;
		};
		2699EF2229D93AD10030ACCD /* Build configuration list for PBXNativeTarget "ReduxGameDSL" */ = {
			isa = XCConfigurationList;
			buildConfigurations = (
				2699EF2329D93AD10030ACCD /* Debug */,
				2699EF2429D93AD10030ACCD /* Release */,
			);
			defaultConfigurationIsVisible = 0;
			defaultConfigurationName = Release;
		};
		2699EF2529D93AD10030ACCD /* Build configuration list for PBXNativeTarget "ReduxGameDSLTests" */ = {
			isa = XCConfigurationList;
			buildConfigurations = (
				2699EF2629D93AD10030ACCD /* Debug */,
				2699EF2729D93AD10030ACCD /* Release */,
			);
			defaultConfigurationIsVisible = 0;
			defaultConfigurationName = Release;
		};
/* End XCConfigurationList section */
	};
	rootObject = 2699EEF529D93AD00030ACCD /* Project object */;
}
